
Microsoft Visual Studio Solution File, Format Version 12.00
# Visual Studio Version 17
VisualStudioVersion = 17.8.34511.84
MinimumVisualStudioVersion = 10.0.40219.1
Project("{9A19103F-16F7-4668-BE54-9A1E7A4F7556}") = "Project.Models", "Project.DataAccess\Project.Models.csproj", "{70AB1938-8FAB-4D22-AE1B-1806875C6301}"
EndProject
Project("{9A19103F-16F7-4668-BE54-9A1E7A4F7556}") = "Project.DataAccess", "Project.DataService\Project.DataAccess.csproj", "{BBA3D251-C0B1-4B3C-841F-FC77922EB8E5}"
EndProject
Project("{9A19103F-16F7-4668-BE54-9A1E7A4F7556}") = "Project.Server", "Project.Server\Project.Server.csproj", "{AA8F94B1-6ACC-4277-97B0-407AC2752A20}"
EndProject
Global
	GlobalSection(SolutionConfigurationPlatforms) = preSolution
		Debug|Any CPU = Debug|Any CPU
		Release|Any CPU = Release|Any CPU
	EndGlobalSection
	GlobalSection(ProjectConfigurationPlatforms) = postSolution
		{70AB1938-8FAB-4D22-AE1B-1806875C6301}.Debug|Any CPU.ActiveCfg = Debug|Any CPU
		{70AB1938-8FAB-4D22-AE1B-1806875C6301}.Debug|Any CPU.Build.0 = Debug|Any CPU
		{70AB1938-8FAB-4D22-AE1B-1806875C6301}.Release|Any CPU.ActiveCfg = Release|Any CPU
		{70AB1938-8FAB-4D22-AE1B-1806875C6301}.Release|Any CPU.Build.0 = Release|Any CPU
		{BBA3D251-C0B1-4B3C-841F-FC77922EB8E5}.Debug|Any CPU.ActiveCfg = Debug|Any CPU
		{BBA3D251-C0B1-4B3C-841F-FC77922EB8E5}.Debug|Any CPU.Build.0 = Debug|Any CPU
		{BBA3D251-C0B1-4B3C-841F-FC77922EB8E5}.Release|Any CPU.ActiveCfg = Release|Any CPU
		{BBA3D251-C0B1-4B3C-841F-FC77922EB8E5}.Release|Any CPU.Build.0 = Release|Any CPU
		{AA8F94B1-6ACC-4277-97B0-407AC2752A20}.Debug|Any CPU.ActiveCfg = Debug|Any CPU
		{AA8F94B1-6ACC-4277-97B0-407AC2752A20}.Debug|Any CPU.Build.0 = Debug|Any CPU
		{AA8F94B1-6ACC-4277-97B0-407AC2752A20}.Release|Any CPU.ActiveCfg = Release|Any CPU
		{AA8F94B1-6ACC-4277-97B0-407AC2752A20}.Release|Any CPU.Build.0 = Release|Any CPU
	EndGlobalSection
	GlobalSection(SolutionProperties) = preSolution
		HideSolutionNode = FALSE
	EndGlobalSection
	GlobalSection(ExtensibilityGlobals) = postSolution
		SolutionGuid = {DB70EB72-2C80-45F1-BE7D-A7ECF387B292}
	EndGlobalSection
EndGlobal
